
Microsoft Visual Studio Solution File, Format Version 12.00
# Visual Studio Version 16
VisualStudioVersion = 16.0.30804.86
MinimumVisualStudioVersion = 10.0.40219.1
Project("{9A19103F-16F7-4668-BE54-9A1E7A4F7556}") = "Task1a", "Task1a\Task1a.csproj", "{264009DD-7B8E-4EA1-BA72-A067ED2D37E1}"
EndProject
Project("{9A19103F-16F7-4668-BE54-9A1E7A4F7556}") = "Common", "Common\Common.csproj", "{7E749C48-7FF1-481C-B874-CD5259EB0F54}"
EndProject
Project("{9A19103F-16F7-4668-BE54-9A1E7A4F7556}") = "Task1c", "Task1c\Task1c.csproj", "{F7029D67-0DB8-47B9-8C93-2112A7C3BE79}"
EndProject
Project("{9A19103F-16F7-4668-BE54-9A1E7A4F7556}") = "Task1b", "Task1b\Task1b.csproj", "{1D417472-8502-4572-BD69-711E6A419B90}"
EndProject
Project("{9A19103F-16F7-4668-BE54-9A1E7A4F7556}") = "Task2.API", "Task2.API\Task2.API.csproj", "{7C9E729F-4B18-4862-91AB-6FA4CA29C4D3}"
EndProject
Project("{9A19103F-16F7-4668-BE54-9A1E7A4F7556}") = "Task2.Web", "Task2.Web\Task2.Web.csproj", "{248BF12A-7DA3-45C2-9A64-6DFC526EE3CE}"
EndProject
Global
	GlobalSection(SolutionConfigurationPlatforms) = preSolution
		Debug|Any CPU = Debug|Any CPU
		Release|Any CPU = Release|Any CPU
	EndGlobalSection
	GlobalSection(ProjectConfigurationPlatforms) = postSolution
		{264009DD-7B8E-4EA1-BA72-A067ED2D37E1}.Debug|Any CPU.ActiveCfg = Debug|Any CPU
		{264009DD-7B8E-4EA1-BA72-A067ED2D37E1}.Debug|Any CPU.Build.0 = Debug|Any CPU
		{264009DD-7B8E-4EA1-BA72-A067ED2D37E1}.Release|Any CPU.ActiveCfg = Release|Any CPU
		{264009DD-7B8E-4EA1-BA72-A067ED2D37E1}.Release|Any CPU.Build.0 = Release|Any CPU
		{7E749C48-7FF1-481C-B874-CD5259EB0F54}.Debug|Any CPU.ActiveCfg = Debug|Any CPU
		{7E749C48-7FF1-481C-B874-CD5259EB0F54}.Debug|Any CPU.Build.0 = Debug|Any CPU
		{7E749C48-7FF1-481C-B874-CD5259EB0F54}.Release|Any CPU.ActiveCfg = Release|Any CPU
		{7E749C48-7FF1-481C-B874-CD5259EB0F54}.Release|Any CPU.Build.0 = Release|Any CPU
		{F7029D67-0DB8-47B9-8C93-2112A7C3BE79}.Debug|Any CPU.ActiveCfg = Debug|Any CPU
		{F7029D67-0DB8-47B9-8C93-2112A7C3BE79}.Debug|Any CPU.Build.0 = Debug|Any CPU
		{F7029D67-0DB8-47B9-8C93-2112A7C3BE79}.Release|Any CPU.ActiveCfg = Release|Any CPU
		{F7029D67-0DB8-47B9-8C93-2112A7C3BE79}.Release|Any CPU.Build.0 = Release|Any CPU
		{1D417472-8502-4572-BD69-711E6A419B90}.Debug|Any CPU.ActiveCfg = Debug|Any CPU
		{1D417472-8502-4572-BD69-711E6A419B90}.Debug|Any CPU.Build.0 = Debug|Any CPU
		{1D417472-8502-4572-BD69-711E6A419B90}.Release|Any CPU.ActiveCfg = Release|Any CPU
		{1D417472-8502-4572-BD69-711E6A419B90}.Release|Any CPU.Build.0 = Release|Any CPU
		{7C9E729F-4B18-4862-91AB-6FA4CA29C4D3}.Debug|Any CPU.ActiveCfg = Debug|Any CPU
		{7C9E729F-4B18-4862-91AB-6FA4CA29C4D3}.Debug|Any CPU.Build.0 = Debug|Any CPU
		{7C9E729F-4B18-4862-91AB-6FA4CA29C4D3}.Release|Any CPU.ActiveCfg = Release|Any CPU
		{7C9E729F-4B18-4862-91AB-6FA4CA29C4D3}.Release|Any CPU.Build.0 = Release|Any CPU
		{248BF12A-7DA3-45C2-9A64-6DFC526EE3CE}.Debug|Any CPU.ActiveCfg = Debug|Any CPU
		{248BF12A-7DA3-45C2-9A64-6DFC526EE3CE}.Debug|Any CPU.Build.0 = Debug|Any CPU
		{248BF12A-7DA3-45C2-9A64-6DFC526EE3CE}.Release|Any CPU.ActiveCfg = Release|Any CPU
		{248BF12A-7DA3-45C2-9A64-6DFC526EE3CE}.Release|Any CPU.Build.0 = Release|Any CPU
	EndGlobalSection
	GlobalSection(SolutionProperties) = preSolution
		HideSolutionNode = FALSE
	EndGlobalSection
	GlobalSection(ExtensibilityGlobals) = postSolution
		SolutionGuid = {7573C35F-42DC-44B3-8997-7AA72DC20412}
	EndGlobalSection
EndGlobal
